# generated by rye
# use `rye lock` or `rye sync` to update this lockfile
#
# last locked with the following flags:
#   pre: false
#   features: []
#   all-features: false
#   with-sources: false

-e file:.
annotated-types==0.7.0
    # via pydantic
brotli==1.1.0
    # via yt-dlp
certifi==2024.7.4
    # via requests
    # via yt-dlp
charset-normalizer==3.3.2
    # via requests
idna==3.7
    # via requests
mutagen==1.47.0
    # via yt-dlp
pycryptodomex==3.20.0
    # via yt-dlp
pydantic==2.8.2
    # via youtube-tool
pydantic-core==2.20.1
    # via pydantic
requests==2.32.3
    # via yt-dlp
typing-extensions==4.12.2
    # via pydantic
    # via pydantic-core
urllib3==2.2.2
    # via requests
    # via yt-dlp
websockets==12.0
    # via yt-dlp
yt-dlp==2024.7.16
    # via youtube-tool
