# generated by rye
# use `rye lock` or `rye sync` to update this lockfile
#
# last locked with the following flags:
#   pre: false
#   features: []
#   all-features: false
#   with-sources: false

-e file:.
annotated-types==0.7.0
    # via pydantic
brotli==1.1.0
    # via yt-dlp
certifi==2024.7.4
    # via requests
    # via yt-dlp
charset-normalizer==3.3.2
    # via requests
colorama==0.4.6
    # via pytest
idna==3.7
    # via requests
iniconfig==2.0.0
    # via pytest
mutagen==1.47.0
    # via yt-dlp
packaging==24.1
    # via pytest
    # via pytest-sugar
pluggy==1.5.0
    # via pytest
pycryptodomex==3.20.0
    # via yt-dlp
pydantic==2.8.2
    # via youtube-tool
pydantic-core==2.20.1
    # via pydantic
pytest==8.3.1
    # via pytest-ruff
    # via pytest-sugar
pytest-ruff==0.4.1
pytest-spec==3.2.0
pytest-sugar==1.0.0
requests==2.32.3
    # via yt-dlp
ruff==0.5.4
    # via pytest-ruff
six==1.16.0
    # via pytest-spec
termcolor==2.4.0
    # via pytest-sugar
typing-extensions==4.12.2
    # via pydantic
    # via pydantic-core
urllib3==2.2.2
    # via requests
    # via yt-dlp
websockets==12.0
    # via yt-dlp
yt-dlp==2024.7.16
    # via youtube-tool
